
Microsoft Visual Studio Solution File, Format Version 12.00
# Blend for Visual Studio 15
VisualStudioVersion = 15.0.28307.1209
MinimumVisualStudioVersion = 10.0.40219.1
Project("{FAE04EC0-301F-11D3-BF4B-00C04F79EFBC}") = "BasicUI", "BasicUI\BasicUI.csproj", "{B804B423-6CD0-4C3C-B0BD-76593762757C}"
EndProject
Global
	GlobalSection(SolutionConfigurationPlatforms) = preSolution
		Debug|Any CPU = Debug|Any CPU
		Release|Any CPU = Release|Any CPU
	EndGlobalSection
	GlobalSection(ProjectConfigurationPlatforms) = postSolution
		{B804B423-6CD0-4C3C-B0BD-76593762757C}.Debug|Any CPU.ActiveCfg = Debug|Any CPU
		{B804B423-6CD0-4C3C-B0BD-76593762757C}.Debug|Any CPU.Build.0 = Debug|Any CPU
		{B804B423-6CD0-4C3C-B0BD-76593762757C}.Release|Any CPU.ActiveCfg = Release|Any CPU
		{B804B423-6CD0-4C3C-B0BD-76593762757C}.Release|Any CPU.Build.0 = Release|Any CPU
	EndGlobalSection
	GlobalSection(SolutionProperties) = preSolution
		HideSolutionNode = FALSE
	EndGlobalSection
	GlobalSection(ExtensibilityGlobals) = postSolution
		SolutionGuid = {D567FBD9-B88E-45DB-81AA-85AF74955F66}
	EndGlobalSection
EndGlobal
