<?xml version="1.0" encoding="utf-8"?>
<Project ToolsVersion="4.0" xmlns="http://schemas.microsoft.com/developer/msbuild/2003">
  <ItemGroup>
    <Filter Include="App">
      <UniqueIdentifier>{5a5ef382-5708-4169-811d-cd8242748d22}</UniqueIdentifier>
    </Filter>
    <Filter Include="Render">
      <UniqueIdentifier>{9a8303aa-cdf0-4e41-a636-4546b22de498}</UniqueIdentifier>
    </Filter>
    <Filter Include="App\Providers">
      <UniqueIdentifier>{2a7ab171-78b8-44b7-b695-6e8bf47974af}</UniqueIdentifier>
    </Filter>
    <Filter Include="App\Providers\Include">
      <UniqueIdentifier>{cf3e1f4b-a2a4-4c81-9e11-1a7997295248}</UniqueIdentifier>
    </Filter>
    <Filter Include="App\Providers\Src">
      <UniqueIdentifier>{c1b92d15-4c45-46f8-9b31-419696b14f03}</UniqueIdentifier>
    </Filter>
    <Filter Include="App\Display">
      <UniqueIdentifier>{67aab16e-ca16-46fa-b8a6-55cecf606eca}</UniqueIdentifier>
    </Filter>
    <Filter Include="App\Display\Include">
      <UniqueIdentifier>{d1428d4a-2eb8-4f86-ad27-866a1130211c}</UniqueIdentifier>
    </Filter>
    <Filter Include="App\Display\Src">
      <UniqueIdentifier>{6893e3e4-d06f-4606-800e-88a140b01caf}</UniqueIdentifier>
    </Filter>
    <Filter Include="App\Win32Display">
      <UniqueIdentifier>{d57d4230-a10c-4359-b729-5159457acd1c}</UniqueIdentifier>
    </Filter>
    <Filter Include="App\Win32Display\Src">
      <UniqueIdentifier>{a6527c93-2b9a-4d00-84b8-4ed96499021d}</UniqueIdentifier>
    </Filter>
    <Filter Include="App\Launcher">
      <UniqueIdentifier>{95afecb1-a7c7-4a00-bff5-57a4df61e058}</UniqueIdentifier>
    </Filter>
    <Filter Include="App\Launcher\Include">
      <UniqueIdentifier>{235c8c67-a97a-469a-b0e5-b4d4ba286614}</UniqueIdentifier>
    </Filter>
    <Filter Include="App\Launcher\Src">
      <UniqueIdentifier>{59cdbb59-6fb7-4a21-b622-8e59e3c8ea31}</UniqueIdentifier>
    </Filter>
    <Filter Include="App\Theme">
      <UniqueIdentifier>{de023273-a365-4af8-b51b-3fc91b1120bc}</UniqueIdentifier>
    </Filter>
    <Filter Include="App\Theme\Include">
      <UniqueIdentifier>{303a4a45-695f-4b70-8989-50ca1d138ae9}</UniqueIdentifier>
    </Filter>
    <Filter Include="App\Theme\Src">
      <UniqueIdentifier>{e522b38c-36d3-4fd4-b8e7-bb028907d1fb}</UniqueIdentifier>
    </Filter>
    <Filter Include="App\Theme\Data">
      <UniqueIdentifier>{506e5b64-420b-48af-bbb6-c38d0daf6f07}</UniqueIdentifier>
    </Filter>
    <Filter Include="App\DisplayLauncher">
      <UniqueIdentifier>{2537e230-384b-414a-a4a7-c8148439a0e5}</UniqueIdentifier>
    </Filter>
    <Filter Include="App\DisplayLauncher\Include">
      <UniqueIdentifier>{37c955a1-5db7-494a-b851-df6cb3610218}</UniqueIdentifier>
    </Filter>
    <Filter Include="App\DisplayLauncher\Src">
      <UniqueIdentifier>{6216b5e7-2c45-4247-abad-e0e0efa75c0a}</UniqueIdentifier>
    </Filter>
    <Filter Include="App\ApplicationLauncher">
      <UniqueIdentifier>{5745ed72-2583-4bb1-9863-d04b44eb141f}</UniqueIdentifier>
    </Filter>
    <Filter Include="App\ApplicationLauncher\Include">
      <UniqueIdentifier>{73ccaaa6-21f4-47b5-845d-d8d7025f5718}</UniqueIdentifier>
    </Filter>
    <Filter Include="App\ApplicationLauncher\Src">
      <UniqueIdentifier>{4cdf1f85-4c64-402c-88c5-eed1433c0927}</UniqueIdentifier>
    </Filter>
    <Filter Include="App\ApplicationLauncher\Data">
      <UniqueIdentifier>{a086dfb8-23d5-4db9-9fb7-301299670e7a}</UniqueIdentifier>
    </Filter>
    <Filter Include="App\Interactivity">
      <UniqueIdentifier>{a29998de-551f-4894-93ba-8cee4c9ea267}</UniqueIdentifier>
    </Filter>
    <Filter Include="App\Interactivity\Include">
      <UniqueIdentifier>{ec8a05d7-97d5-4f52-9f2a-ce2450283113}</UniqueIdentifier>
    </Filter>
    <Filter Include="App\Interactivity\Src">
      <UniqueIdentifier>{6ab093d9-1ce1-4fc4-a3b8-c2ebdd7c37b0}</UniqueIdentifier>
    </Filter>
    <Filter Include="Render\RenderContext">
      <UniqueIdentifier>{cf25f86a-84d4-49f6-9176-fcac6667dfcf}</UniqueIdentifier>
    </Filter>
    <Filter Include="Render\RenderContext\Include">
      <UniqueIdentifier>{e6e63843-0ead-4bd8-89d6-6de81b6a3149}</UniqueIdentifier>
    </Filter>
    <Filter Include="Render\RenderContext\Src">
      <UniqueIdentifier>{d1d7c69b-883c-48d3-9df9-26ed2e501078}</UniqueIdentifier>
    </Filter>
    <Filter Include="Render\GLRenderDevice">
      <UniqueIdentifier>{9aca6869-fbd5-42e8-8ff5-e78435916650}</UniqueIdentifier>
    </Filter>
    <Filter Include="Render\GLRenderDevice\Include">
      <UniqueIdentifier>{2575fc40-dc31-4a7f-b2f1-d39f5bc9674f}</UniqueIdentifier>
    </Filter>
    <Filter Include="Render\GLRenderDevice\Src">
      <UniqueIdentifier>{c5758388-f1a6-46b0-a363-8541dfb2eb79}</UniqueIdentifier>
    </Filter>
    <Filter Include="Render\GLRenderContext">
      <UniqueIdentifier>{aaaab2d7-df26-4a8c-9eca-b3e8051160e2}</UniqueIdentifier>
    </Filter>
    <Filter Include="Render\GLRenderContext\Src">
      <UniqueIdentifier>{dd244093-92bf-4821-97c4-f9b047f53384}</UniqueIdentifier>
    </Filter>
    <Filter Include="Render\D3D11RenderDevice">
      <UniqueIdentifier>{5702a603-cba2-4ec2-b0dc-1354273dcb3c}</UniqueIdentifier>
    </Filter>
    <Filter Include="Render\D3D11RenderDevice\Include">
      <UniqueIdentifier>{6236b1e2-f643-4530-879f-50f8d832d720}</UniqueIdentifier>
    </Filter>
    <Filter Include="Render\D3D11RenderDevice\Src">
      <UniqueIdentifier>{2bbc5935-af68-4e31-813c-1515b4398a4b}</UniqueIdentifier>
    </Filter>
    <Filter Include="Render\D3D11RenderContext">
      <UniqueIdentifier>{658c6097-0c81-4c4e-b98e-30068eaabf48}</UniqueIdentifier>
    </Filter>
    <Filter Include="Render\D3D11RenderContext\Src">
      <UniqueIdentifier>{4e09db07-29ea-40ab-990e-3bf12f0a705f}</UniqueIdentifier>
    </Filter>
  </ItemGroup>
  <ItemGroup>
    <ClInclude Include="..\..\..\Packages\App\Providers\Include\NsApp\EmbeddedFontProvider.h">
      <Filter>App\Providers\Include</Filter>
    </ClInclude>
    <ClInclude Include="..\..\..\Packages\App\Providers\Include\NsApp\EmbeddedTextureProvider.h">
      <Filter>App\Providers\Include</Filter>
    </ClInclude>
    <ClInclude Include="..\..\..\Packages\App\Providers\Include\NsApp\EmbeddedXamlProvider.h">
      <Filter>App\Providers\Include</Filter>
    </ClInclude>
    <ClInclude Include="..\..\..\Packages\App\Providers\Include\NsApp\FastLZ.h">
      <Filter>App\Providers\Include</Filter>
    </ClInclude>
    <ClInclude Include="..\..\..\Packages\App\Providers\Include\NsApp\FileTextureProvider.h">
      <Filter>App\Providers\Include</Filter>
    </ClInclude>
    <ClInclude Include="..\..\..\Packages\App\Providers\Include\NsApp\LocalFontProvider.h">
      <Filter>App\Providers\Include</Filter>
    </ClInclude>
    <ClInclude Include="..\..\..\Packages\App\Providers\Include\NsApp\LocalTextureProvider.h">
      <Filter>App\Providers\Include</Filter>
    </ClInclude>
    <ClInclude Include="..\..\..\Packages\App\Providers\Include\NsApp\LocalXamlProvider.h">
      <Filter>App\Providers\Include</Filter>
    </ClInclude>
    <ClInclude Include="..\..\..\Packages\App\Providers\Include\NsApp\ProvidersApi.h">
      <Filter>App\Providers\Include</Filter>
    </ClInclude>
    <ClCompile Include="..\..\..\Packages\App\Providers\Src\App.Providers.cpp">
      <Filter>App\Providers\Src</Filter>
    </ClCompile>
    <ClCompile Include="..\..\..\Packages\App\Providers\Src\EmbeddedFontProvider.cpp">
      <Filter>App\Providers\Src</Filter>
    </ClCompile>
    <ClCompile Include="..\..\..\Packages\App\Providers\Src\EmbeddedTextureProvider.cpp">
      <Filter>App\Providers\Src</Filter>
    </ClCompile>
    <ClCompile Include="..\..\..\Packages\App\Providers\Src\EmbeddedXamlProvider.cpp">
      <Filter>App\Providers\Src</Filter>
    </ClCompile>
    <ClCompile Include="..\..\..\Packages\App\Providers\Src\FastLZ.cpp">
      <Filter>App\Providers\Src</Filter>
    </ClCompile>
    <ClCompile Include="..\..\..\Packages\App\Providers\Src\FileTextureProvider.cpp">
      <Filter>App\Providers\Src</Filter>
    </ClCompile>
    <ClCompile Include="..\..\..\Packages\App\Providers\Src\LocalFontProvider.cpp">
      <Filter>App\Providers\Src</Filter>
    </ClCompile>
    <ClCompile Include="..\..\..\Packages\App\Providers\Src\LocalTextureProvider.cpp">
      <Filter>App\Providers\Src</Filter>
    </ClCompile>
    <ClCompile Include="..\..\..\Packages\App\Providers\Src\LocalXamlProvider.cpp">
      <Filter>App\Providers\Src</Filter>
    </ClCompile>
    <ClInclude Include="..\..\..\Packages\App\Providers\Src\stb_image.h">
      <Filter>App\Providers\Src</Filter>
    </ClInclude>
    <ClInclude Include="..\..\..\Packages\App\Display\Include\NsApp\Display.h">
      <Filter>App\Display\Include</Filter>
    </ClInclude>
    <ClInclude Include="..\..\..\Packages\App\Display\Include\NsApp\DisplayApi.h">
      <Filter>App\Display\Include</Filter>
    </ClInclude>
    <ClCompile Include="..\..\..\Packages\App\Display\Src\App.Display.cpp">
      <Filter>App\Display\Src</Filter>
    </ClCompile>
    <ClInclude Include="..\..\..\Packages\App\Display\Src\Audio.h">
      <Filter>App\Display\Src</Filter>
    </ClInclude>
    <ClCompile Include="..\..\..\Packages\App\Display\Src\Audio.mm.cpp">
      <Filter>App\Display\Src</Filter>
    </ClCompile>
    <ClCompile Include="..\..\..\Packages\App\Display\Src\Display.cpp">
      <Filter>App\Display\Src</Filter>
    </ClCompile>
    <ClInclude Include="..\..\..\Packages\App\Display\Src\dr_mp3.h">
      <Filter>App\Display\Src</Filter>
    </ClInclude>
    <ClInclude Include="..\..\..\Packages\App\Display\Src\dr_wav.h">
      <Filter>App\Display\Src</Filter>
    </ClInclude>
    <ClInclude Include="..\..\..\Packages\App\Display\Src\mini_al.h">
      <Filter>App\Display\Src</Filter>
    </ClInclude>
    <ClCompile Include="..\..\..\Packages\App\Win32Display\Src\App.Win32Display.cpp">
      <Filter>App\Win32Display\Src</Filter>
    </ClCompile>
    <ClCompile Include="..\..\..\Packages\App\Win32Display\Src\TSF.cpp">
      <Filter>App\Win32Display\Src</Filter>
    </ClCompile>
    <ClInclude Include="..\..\..\Packages\App\Win32Display\Src\TSF.h">
      <Filter>App\Win32Display\Src</Filter>
    </ClInclude>
    <ClCompile Include="..\..\..\Packages\App\Win32Display\Src\Win32Display.cpp">
      <Filter>App\Win32Display\Src</Filter>
    </ClCompile>
    <ClInclude Include="..\..\..\Packages\App\Win32Display\Src\Win32Display.h">
      <Filter>App\Win32Display\Src</Filter>
    </ClInclude>
    <ClInclude Include="..\..\..\Packages\App\Launcher\Include\NsApp\CommandLine.h">
      <Filter>App\Launcher\Include</Filter>
    </ClInclude>
    <ClInclude Include="..\..\..\Packages\App\Launcher\Include\NsApp\EntryPoint.h">
      <Filter>App\Launcher\Include</Filter>
    </ClInclude>
    <ClInclude Include="..\..\..\Packages\App\Launcher\Include\NsApp\Launcher.h">
      <Filter>App\Launcher\Include</Filter>
    </ClInclude>
    <ClInclude Include="..\..\..\Packages\App\Launcher\Include\NsApp\LauncherApi.h">
      <Filter>App\Launcher\Include</Filter>
    </ClInclude>
    <ClCompile Include="..\..\..\Packages\App\Launcher\Src\App.Launcher.cpp">
      <Filter>App\Launcher\Src</Filter>
    </ClCompile>
    <ClCompile Include="..\..\..\Packages\App\Launcher\Src\CommandLine.cpp">
      <Filter>App\Launcher\Src</Filter>
    </ClCompile>
    <ClCompile Include="..\..\..\Packages\App\Launcher\Src\Launcher.cpp">
      <Filter>App\Launcher\Src</Filter>
    </ClCompile>
    <ClInclude Include="..\..\..\Packages\App\Theme\Include\NsApp\ThemeApi.h">
      <Filter>App\Theme\Include</Filter>
    </ClInclude>
    <ClInclude Include="..\..\..\Packages\App\Theme\Include\NsApp\ThemeProviders.h">
      <Filter>App\Theme\Include</Filter>
    </ClInclude>
    <ClCompile Include="..\..\..\Packages\App\Theme\Src\App.Theme.cpp">
      <Filter>App\Theme\Src</Filter>
    </ClCompile>
    <ClCompile Include="..\..\..\Packages\App\Theme\Src\ThemeProviders.cpp">
      <Filter>App\Theme\Src</Filter>
    </ClCompile>
    <CustomBuild Include="..\..\..\Packages\App\Theme\Data\Theme\NoesisTheme.Styles.xaml">
      <Filter>App\Theme\Data</Filter>
    </CustomBuild>
    <CustomBuild Include="..\..\..\Packages\App\Theme\Data\Theme\NoesisTheme.Fonts.xaml">
      <Filter>App\Theme\Data</Filter>
    </CustomBuild>
    <CustomBuild Include="..\..\..\Packages\App\Theme\Data\Theme\NoesisTheme.Colors.Dark.xaml">
      <Filter>App\Theme\Data</Filter>
    </CustomBuild>
    <CustomBuild Include="..\..\..\Packages\App\Theme\Data\Theme\NoesisTheme.Colors.Light.xaml">
      <Filter>App\Theme\Data</Filter>
    </CustomBuild>
    <CustomBuild Include="..\..\..\Packages\App\Theme\Data\Theme\NoesisTheme.Brushes.DarkRed.xaml">
      <Filter>App\Theme\Data</Filter>
    </CustomBuild>
    <CustomBuild Include="..\..\..\Packages\App\Theme\Data\Theme\NoesisTheme.Brushes.LightRed.xaml">
      <Filter>App\Theme\Data</Filter>
    </CustomBuild>
    <CustomBuild Include="..\..\..\Packages\App\Theme\Data\Theme\NoesisTheme.Brushes.DarkGreen.xaml">
      <Filter>App\Theme\Data</Filter>
    </CustomBuild>
    <CustomBuild Include="..\..\..\Packages\App\Theme\Data\Theme\NoesisTheme.Brushes.LightGreen.xaml">
      <Filter>App\Theme\Data</Filter>
    </CustomBuild>
    <CustomBuild Include="..\..\..\Packages\App\Theme\Data\Theme\NoesisTheme.Brushes.DarkBlue.xaml">
      <Filter>App\Theme\Data</Filter>
    </CustomBuild>
    <CustomBuild Include="..\..\..\Packages\App\Theme\Data\Theme\NoesisTheme.Brushes.LightBlue.xaml">
      <Filter>App\Theme\Data</Filter>
    </CustomBuild>
    <CustomBuild Include="..\..\..\Packages\App\Theme\Data\Theme\NoesisTheme.Brushes.DarkOrange.xaml">
      <Filter>App\Theme\Data</Filter>
    </CustomBuild>
    <CustomBuild Include="..\..\..\Packages\App\Theme\Data\Theme\NoesisTheme.Brushes.LightOrange.xaml">
      <Filter>App\Theme\Data</Filter>
    </CustomBuild>
    <CustomBuild Include="..\..\..\Packages\App\Theme\Data\Theme\NoesisTheme.Brushes.DarkEmerald.xaml">
      <Filter>App\Theme\Data</Filter>
    </CustomBuild>
    <CustomBuild Include="..\..\..\Packages\App\Theme\Data\Theme\NoesisTheme.Brushes.LightEmerald.xaml">
      <Filter>App\Theme\Data</Filter>
    </CustomBuild>
    <CustomBuild Include="..\..\..\Packages\App\Theme\Data\Theme\NoesisTheme.Brushes.DarkPurple.xaml">
      <Filter>App\Theme\Data</Filter>
    </CustomBuild>
    <CustomBuild Include="..\..\..\Packages\App\Theme\Data\Theme\NoesisTheme.Brushes.LightPurple.xaml">
      <Filter>App\Theme\Data</Filter>
    </CustomBuild>
    <CustomBuild Include="..\..\..\Packages\App\Theme\Data\Theme\NoesisTheme.Brushes.DarkCrimson.xaml">
      <Filter>App\Theme\Data</Filter>
    </CustomBuild>
    <CustomBuild Include="..\..\..\Packages\App\Theme\Data\Theme\NoesisTheme.Brushes.LightCrimson.xaml">
      <Filter>App\Theme\Data</Filter>
    </CustomBuild>
    <CustomBuild Include="..\..\..\Packages\App\Theme\Data\Theme\NoesisTheme.Brushes.DarkLime.xaml">
      <Filter>App\Theme\Data</Filter>
    </CustomBuild>
    <CustomBuild Include="..\..\..\Packages\App\Theme\Data\Theme\NoesisTheme.Brushes.LightLime.xaml">
      <Filter>App\Theme\Data</Filter>
    </CustomBuild>
    <CustomBuild Include="..\..\..\Packages\App\Theme\Data\Theme\NoesisTheme.Brushes.DarkAqua.xaml">
      <Filter>App\Theme\Data</Filter>
    </CustomBuild>
    <CustomBuild Include="..\..\..\Packages\App\Theme\Data\Theme\NoesisTheme.Brushes.LightAqua.xaml">
      <Filter>App\Theme\Data</Filter>
    </CustomBuild>
    <CustomBuild Include="..\..\..\Packages\App\Theme\Data\Theme\NoesisTheme.DarkRed.xaml">
      <Filter>App\Theme\Data</Filter>
    </CustomBuild>
    <CustomBuild Include="..\..\..\Packages\App\Theme\Data\Theme\NoesisTheme.LightRed.xaml">
      <Filter>App\Theme\Data</Filter>
    </CustomBuild>
    <CustomBuild Include="..\..\..\Packages\App\Theme\Data\Theme\NoesisTheme.DarkGreen.xaml">
      <Filter>App\Theme\Data</Filter>
    </CustomBuild>
    <CustomBuild Include="..\..\..\Packages\App\Theme\Data\Theme\NoesisTheme.LightGreen.xaml">
      <Filter>App\Theme\Data</Filter>
    </CustomBuild>
    <CustomBuild Include="..\..\..\Packages\App\Theme\Data\Theme\NoesisTheme.DarkBlue.xaml">
      <Filter>App\Theme\Data</Filter>
    </CustomBuild>
    <CustomBuild Include="..\..\..\Packages\App\Theme\Data\Theme\NoesisTheme.LightBlue.xaml">
      <Filter>App\Theme\Data</Filter>
    </CustomBuild>
    <CustomBuild Include="..\..\..\Packages\App\Theme\Data\Theme\NoesisTheme.DarkOrange.xaml">
      <Filter>App\Theme\Data</Filter>
    </CustomBuild>
    <CustomBuild Include="..\..\..\Packages\App\Theme\Data\Theme\NoesisTheme.LightOrange.xaml">
      <Filter>App\Theme\Data</Filter>
    </CustomBuild>
    <CustomBuild Include="..\..\..\Packages\App\Theme\Data\Theme\NoesisTheme.DarkEmerald.xaml">
      <Filter>App\Theme\Data</Filter>
    </CustomBuild>
    <CustomBuild Include="..\..\..\Packages\App\Theme\Data\Theme\NoesisTheme.LightEmerald.xaml">
      <Filter>App\Theme\Data</Filter>
    </CustomBuild>
    <CustomBuild Include="..\..\..\Packages\App\Theme\Data\Theme\NoesisTheme.DarkPurple.xaml">
      <Filter>App\Theme\Data</Filter>
    </CustomBuild>
    <CustomBuild Include="..\..\..\Packages\App\Theme\Data\Theme\NoesisTheme.LightPurple.xaml">
      <Filter>App\Theme\Data</Filter>
    </CustomBuild>
    <CustomBuild Include="..\..\..\Packages\App\Theme\Data\Theme\NoesisTheme.DarkCrimson.xaml">
      <Filter>App\Theme\Data</Filter>
    </CustomBuild>
    <CustomBuild Include="..\..\..\Packages\App\Theme\Data\Theme\NoesisTheme.LightCrimson.xaml">
      <Filter>App\Theme\Data</Filter>
    </CustomBuild>
    <CustomBuild Include="..\..\..\Packages\App\Theme\Data\Theme\NoesisTheme.DarkLime.xaml">
      <Filter>App\Theme\Data</Filter>
    </CustomBuild>
    <CustomBuild Include="..\..\..\Packages\App\Theme\Data\Theme\NoesisTheme.LightLime.xaml">
      <Filter>App\Theme\Data</Filter>
    </CustomBuild>
    <CustomBuild Include="..\..\..\Packages\App\Theme\Data\Theme\NoesisTheme.DarkAqua.xaml">
      <Filter>App\Theme\Data</Filter>
    </CustomBuild>
    <CustomBuild Include="..\..\..\Packages\App\Theme\Data\Theme\NoesisTheme.LightAqua.xaml">
      <Filter>App\Theme\Data</Filter>
    </CustomBuild>
    <CustomBuild Include="..\..\..\Packages\App\Theme\Data\Theme\Fonts\PT Root UI_Regular.otf">
      <Filter>App\Theme\Data</Filter>
    </CustomBuild>
    <CustomBuild Include="..\..\..\Packages\App\Theme\Data\Theme\Fonts\PT Root UI_Bold.otf">
      <Filter>App\Theme\Data</Filter>
    </CustomBuild>
    <ClInclude Include="..\..\..\Packages\App\DisplayLauncher\Include\NsApp\DisplayLauncher.h">
      <Filter>App\DisplayLauncher\Include</Filter>
    </ClInclude>
    <ClInclude Include="..\..\..\Packages\App\DisplayLauncher\Include\NsApp\DisplayLauncherApi.h">
      <Filter>App\DisplayLauncher\Include</Filter>
    </ClInclude>
    <ClCompile Include="..\..\..\Packages\App\DisplayLauncher\Src\App.DisplayLauncher.cpp">
      <Filter>App\DisplayLauncher\Src</Filter>
    </ClCompile>
    <ClCompile Include="..\..\..\Packages\App\DisplayLauncher\Src\DisplayLauncher.cpp">
      <Filter>App\DisplayLauncher\Src</Filter>
    </ClCompile>
    <ClInclude Include="..\..\..\Packages\App\ApplicationLauncher\Include\NsApp\Application.h">
      <Filter>App\ApplicationLauncher\Include</Filter>
    </ClInclude>
    <ClInclude Include="..\..\..\Packages\App\ApplicationLauncher\Include\NsApp\ApplicationLauncher.h">
      <Filter>App\ApplicationLauncher\Include</Filter>
    </ClInclude>
    <ClInclude Include="..\..\..\Packages\App\ApplicationLauncher\Include\NsApp\ApplicationLauncherApi.h">
      <Filter>App\ApplicationLauncher\Include</Filter>
    </ClInclude>
    <ClInclude Include="..\..\..\Packages\App\ApplicationLauncher\Include\NsApp\DelegateCommand.h">
      <Filter>App\ApplicationLauncher\Include</Filter>
    </ClInclude>
    <ClInclude Include="..\..\..\Packages\App\ApplicationLauncher\Include\NsApp\NotifyPropertyChangedBase.h">
      <Filter>App\ApplicationLauncher\Include</Filter>
    </ClInclude>
    <ClInclude Include="..\..\..\Packages\App\ApplicationLauncher\Include\NsApp\Window.h">
      <Filter>App\ApplicationLauncher\Include</Filter>
    </ClInclude>
    <ClCompile Include="..\..\..\Packages\App\ApplicationLauncher\Src\App.ApplicationLauncher.cpp">
      <Filter>App\ApplicationLauncher\Src</Filter>
    </ClCompile>
    <ClCompile Include="..\..\..\Packages\App\ApplicationLauncher\Src\Application.cpp">
      <Filter>App\ApplicationLauncher\Src</Filter>
    </ClCompile>
    <ClCompile Include="..\..\..\Packages\App\ApplicationLauncher\Src\ApplicationLauncher.cpp">
      <Filter>App\ApplicationLauncher\Src</Filter>
    </ClCompile>
    <ClCompile Include="..\..\..\Packages\App\ApplicationLauncher\Src\DelegateCommand.cpp">
      <Filter>App\ApplicationLauncher\Src</Filter>
    </ClCompile>
    <ClCompile Include="..\..\..\Packages\App\ApplicationLauncher\Src\NotifyPropertyChangedBase.cpp">
      <Filter>App\ApplicationLauncher\Src</Filter>
    </ClCompile>
    <ClCompile Include="..\..\..\Packages\App\ApplicationLauncher\Src\Window.cpp">
      <Filter>App\ApplicationLauncher\Src</Filter>
    </ClCompile>
    <CustomBuild Include="..\..\..\Packages\App\ApplicationLauncher\Src\StatsOverlay.xaml">
      <Filter>App\ApplicationLauncher\Data</Filter>
    </CustomBuild>
    <CustomBuild Include="..\..\..\Packages\App\ApplicationLauncher\Src\dripicons-v2.ttf">
      <Filter>App\ApplicationLauncher\Data</Filter>
    </CustomBuild>
    <CustomBuild Include="..\..\..\Packages\App\ApplicationLauncher\Src\ModeNine.ttf">
      <Filter>App\ApplicationLauncher\Data</Filter>
    </CustomBuild>
    <ClInclude Include="..\..\..\Packages\App\Interactivity\Include\NsApp\AttachableCollection.h">
      <Filter>App\Interactivity\Include</Filter>
    </ClInclude>
    <None Include="..\..\..\Packages\App\Interactivity\Include\NsApp\AttachableCollection.inl">
      <Filter>App\Interactivity\Include</Filter>
    </None>
    <ClInclude Include="..\..\..\Packages\App\Interactivity\Include\NsApp\AttachableObject.h">
      <Filter>App\Interactivity\Include</Filter>
    </ClInclude>
    <ClInclude Include="..\..\..\Packages\App\Interactivity\Include\NsApp\Behavior.h">
      <Filter>App\Interactivity\Include</Filter>
    </ClInclude>
    <ClInclude Include="..\..\..\Packages\App\Interactivity\Include\NsApp\BehaviorCollection.h">
      <Filter>App\Interactivity\Include</Filter>
    </ClInclude>
    <ClInclude Include="..\..\..\Packages\App\Interactivity\Include\NsApp\ChangePropertyAction.h">
      <Filter>App\Interactivity\Include</Filter>
    </ClInclude>
    <ClInclude Include="..\..\..\Packages\App\Interactivity\Include\NsApp\CollectionFilterBehavior.h">
      <Filter>App\Interactivity\Include</Filter>
    </ClInclude>
    <ClInclude Include="..\..\..\Packages\App\Interactivity\Include\NsApp\CollectionSortBehavior.h">
      <Filter>App\Interactivity\Include</Filter>
    </ClInclude>
    <ClInclude Include="..\..\..\Packages\App\Interactivity\Include\NsApp\ComparisonCondition.h">
      <Filter>App\Interactivity\Include</Filter>
    </ClInclude>
    <ClInclude Include="..\..\..\Packages\App\Interactivity\Include\NsApp\ConditionalExpression.h">
      <Filter>App\Interactivity\Include</Filter>
    </ClInclude>
    <ClInclude Include="..\..\..\Packages\App\Interactivity\Include\NsApp\ConditionBehavior.h">
      <Filter>App\Interactivity\Include</Filter>
    </ClInclude>
    <ClInclude Include="..\..\..\Packages\App\Interactivity\Include\NsApp\ControlStoryboardAction.h">
      <Filter>App\Interactivity\Include</Filter>
    </ClInclude>
    <ClInclude Include="..\..\..\Packages\App\Interactivity\Include\NsApp\DataTrigger.h">
      <Filter>App\Interactivity\Include</Filter>
    </ClInclude>
    <ClInclude Include="..\..\..\Packages\App\Interactivity\Include\NsApp\EventTrigger.h">
      <Filter>App\Interactivity\Include</Filter>
    </ClInclude>
    <ClInclude Include="..\..\..\Packages\App\Interactivity\Include\NsApp\EventTriggerBase.h">
      <Filter>App\Interactivity\Include</Filter>
    </ClInclude>
    <ClInclude Include="..\..\..\Packages\App\Interactivity\Include\NsApp\FilterPredicate.h">
      <Filter>App\Interactivity\Include</Filter>
    </ClInclude>
    <ClInclude Include="..\..\..\Packages\App\Interactivity\Include\NsApp\GamepadTrigger.h">
      <Filter>App\Interactivity\Include</Filter>
    </ClInclude>
    <ClInclude Include="..\..\..\Packages\App\Interactivity\Include\NsApp\GoToStateAction.h">
      <Filter>App\Interactivity\Include</Filter>
    </ClInclude>
    <ClInclude Include="..\..\..\Packages\App\Interactivity\Include\NsApp\IAttachedObject.h">
      <Filter>App\Interactivity\Include</Filter>
    </ClInclude>
    <ClInclude Include="..\..\..\Packages\App\Interactivity\Include\NsApp\Interaction.h">
      <Filter>App\Interactivity\Include</Filter>
    </ClInclude>
    <ClInclude Include="..\..\..\Packages\App\Interactivity\Include\NsApp\InteractivityApi.h">
      <Filter>App\Interactivity\Include</Filter>
    </ClInclude>
    <ClInclude Include="..\..\..\Packages\App\Interactivity\Include\NsApp\InvokeCommandAction.h">
      <Filter>App\Interactivity\Include</Filter>
    </ClInclude>
    <ClInclude Include="..\..\..\Packages\App\Interactivity\Include\NsApp\KeyTrigger.h">
      <Filter>App\Interactivity\Include</Filter>
    </ClInclude>
    <ClInclude Include="..\..\..\Packages\App\Interactivity\Include\NsApp\LaunchUriOrFileAction.h">
      <Filter>App\Interactivity\Include</Filter>
    </ClInclude>
    <ClInclude Include="..\..\..\Packages\App\Interactivity\Include\NsApp\MouseDragElementBehavior.h">
      <Filter>App\Interactivity\Include</Filter>
    </ClInclude>
    <ClInclude Include="..\..\..\Packages\App\Interactivity\Include\NsApp\PlaySoundAction.h">
      <Filter>App\Interactivity\Include</Filter>
    </ClInclude>
    <ClInclude Include="..\..\..\Packages\App\Interactivity\Include\NsApp\PropertyChangedTrigger.h">
      <Filter>App\Interactivity\Include</Filter>
    </ClInclude>
    <ClInclude Include="..\..\..\Packages\App\Interactivity\Include\NsApp\RemoveElementAction.h">
      <Filter>App\Interactivity\Include</Filter>
    </ClInclude>
    <ClInclude Include="..\..\..\Packages\App\Interactivity\Include\NsApp\SelectAction.h">
      <Filter>App\Interactivity\Include</Filter>
    </ClInclude>
    <ClInclude Include="..\..\..\Packages\App\Interactivity\Include\NsApp\SelectAllAction.h">
      <Filter>App\Interactivity\Include</Filter>
    </ClInclude>
    <ClInclude Include="..\..\..\Packages\App\Interactivity\Include\NsApp\SetFocusAction.h">
      <Filter>App\Interactivity\Include</Filter>
    </ClInclude>
    <ClInclude Include="..\..\..\Packages\App\Interactivity\Include\NsApp\SortComparer.h">
      <Filter>App\Interactivity\Include</Filter>
    </ClInclude>
    <ClInclude Include="..\..\..\Packages\App\Interactivity\Include\NsApp\StoryboardAction.h">
      <Filter>App\Interactivity\Include</Filter>
    </ClInclude>
    <ClInclude Include="..\..\..\Packages\App\Interactivity\Include\NsApp\StoryboardCompletedTrigger.h">
      <Filter>App\Interactivity\Include</Filter>
    </ClInclude>
    <ClInclude Include="..\..\..\Packages\App\Interactivity\Include\NsApp\StoryboardTrigger.h">
      <Filter>App\Interactivity\Include</Filter>
    </ClInclude>
    <ClInclude Include="..\..\..\Packages\App\Interactivity\Include\NsApp\StringFilterPredicate.h">
      <Filter>App\Interactivity\Include</Filter>
    </ClInclude>
    <ClInclude Include="..\..\..\Packages\App\Interactivity\Include\NsApp\StringSortComparer.h">
      <Filter>App\Interactivity\Include</Filter>
    </ClInclude>
    <ClInclude Include="..\..\..\Packages\App\Interactivity\Include\NsApp\StyleInteraction.h">
      <Filter>App\Interactivity\Include</Filter>
    </ClInclude>
    <ClInclude Include="..\..\..\Packages\App\Interactivity\Include\NsApp\TargetedTriggerAction.h">
      <Filter>App\Interactivity\Include</Filter>
    </ClInclude>
    <ClInclude Include="..\..\..\Packages\App\Interactivity\Include\NsApp\TimerTrigger.h">
      <Filter>App\Interactivity\Include</Filter>
    </ClInclude>
    <ClInclude Include="..\..\..\Packages\App\Interactivity\Include\NsApp\TranslateZoomRotateBehavior.h">
      <Filter>App\Interactivity\Include</Filter>
    </ClInclude>
    <ClInclude Include="..\..\..\Packages\App\Interactivity\Include\NsApp\TriggerAction.h">
      <Filter>App\Interactivity\Include</Filter>
    </ClInclude>
    <ClInclude Include="..\..\..\Packages\App\Interactivity\Include\NsApp\TriggerActionCollection.h">
      <Filter>App\Interactivity\Include</Filter>
    </ClInclude>
    <ClInclude Include="..\..\..\Packages\App\Interactivity\Include\NsApp\TriggerBase.h">
      <Filter>App\Interactivity\Include</Filter>
    </ClInclude>
    <ClInclude Include="..\..\..\Packages\App\Interactivity\Include\NsApp\TriggerCollection.h">
      <Filter>App\Interactivity\Include</Filter>
    </ClInclude>
    <ClCompile Include="..\..\..\Packages\App\Interactivity\Src\App.Interactivity.cpp">
      <Filter>App\Interactivity\Src</Filter>
    </ClCompile>
    <ClCompile Include="..\..\..\Packages\App\Interactivity\Src\AttachableObject.cpp">
      <Filter>App\Interactivity\Src</Filter>
    </ClCompile>
    <ClCompile Include="..\..\..\Packages\App\Interactivity\Src\Behavior.cpp">
      <Filter>App\Interactivity\Src</Filter>
    </ClCompile>
    <ClCompile Include="..\..\..\Packages\App\Interactivity\Src\BehaviorCollection.cpp">
      <Filter>App\Interactivity\Src</Filter>
    </ClCompile>
    <ClCompile Include="..\..\..\Packages\App\Interactivity\Src\ChangePropertyAction.cpp">
      <Filter>App\Interactivity\Src</Filter>
    </ClCompile>
    <ClCompile Include="..\..\..\Packages\App\Interactivity\Src\CollectionFilterBehavior.cpp">
      <Filter>App\Interactivity\Src</Filter>
    </ClCompile>
    <ClCompile Include="..\..\..\Packages\App\Interactivity\Src\CollectionSortBehavior.cpp">
      <Filter>App\Interactivity\Src</Filter>
    </ClCompile>
    <ClCompile Include="..\..\..\Packages\App\Interactivity\Src\ComparisonCondition.cpp">
      <Filter>App\Interactivity\Src</Filter>
    </ClCompile>
    <ClCompile Include="..\..\..\Packages\App\Interactivity\Src\ComparisonLogic.cpp">
      <Filter>App\Interactivity\Src</Filter>
    </ClCompile>
    <ClInclude Include="..\..\..\Packages\App\Interactivity\Src\ComparisonLogic.h">
      <Filter>App\Interactivity\Src</Filter>
    </ClInclude>
    <ClCompile Include="..\..\..\Packages\App\Interactivity\Src\ConditionalExpression.cpp">
      <Filter>App\Interactivity\Src</Filter>
    </ClCompile>
    <ClCompile Include="..\..\..\Packages\App\Interactivity\Src\ConditionBehavior.cpp">
      <Filter>App\Interactivity\Src</Filter>
    </ClCompile>
    <ClCompile Include="..\..\..\Packages\App\Interactivity\Src\ControlStoryboardAction.cpp">
      <Filter>App\Interactivity\Src</Filter>
    </ClCompile>
    <ClCompile Include="..\..\..\Packages\App\Interactivity\Src\DataBindingHelper.cpp">
      <Filter>App\Interactivity\Src</Filter>
    </ClCompile>
    <ClInclude Include="..\..\..\Packages\App\Interactivity\Src\DataBindingHelper.h">
      <Filter>App\Interactivity\Src</Filter>
    </ClInclude>
    <ClCompile Include="..\..\..\Packages\App\Interactivity\Src\DataTrigger.Interactivity.cpp">
      <Filter>App\Interactivity\Src</Filter>
    </ClCompile>
    <ClCompile Include="..\..\..\Packages\App\Interactivity\Src\EventTrigger.Interactivity.cpp">
      <Filter>App\Interactivity\Src</Filter>
    </ClCompile>
    <ClCompile Include="..\..\..\Packages\App\Interactivity\Src\EventTriggerBase.cpp">
      <Filter>App\Interactivity\Src</Filter>
    </ClCompile>
    <ClCompile Include="..\..\..\Packages\App\Interactivity\Src\FilterPredicate.cpp">
      <Filter>App\Interactivity\Src</Filter>
    </ClCompile>
    <ClCompile Include="..\..\..\Packages\App\Interactivity\Src\GamepadTrigger.cpp">
      <Filter>App\Interactivity\Src</Filter>
    </ClCompile>
    <ClCompile Include="..\..\..\Packages\App\Interactivity\Src\GoToStateAction.cpp">
      <Filter>App\Interactivity\Src</Filter>
    </ClCompile>
    <ClCompile Include="..\..\..\Packages\App\Interactivity\Src\Interaction.cpp">
      <Filter>App\Interactivity\Src</Filter>
    </ClCompile>
    <ClCompile Include="..\..\..\Packages\App\Interactivity\Src\InvokeCommandAction.cpp">
      <Filter>App\Interactivity\Src</Filter>
    </ClCompile>
    <ClCompile Include="..\..\..\Packages\App\Interactivity\Src\KeyTrigger.cpp">
      <Filter>App\Interactivity\Src</Filter>
    </ClCompile>
    <ClCompile Include="..\..\..\Packages\App\Interactivity\Src\LaunchUriOrFileAction.cpp">
      <Filter>App\Interactivity\Src</Filter>
    </ClCompile>
    <ClCompile Include="..\..\..\Packages\App\Interactivity\Src\MouseDragElementBehavior.cpp">
      <Filter>App\Interactivity\Src</Filter>
    </ClCompile>
    <ClCompile Include="..\..\..\Packages\App\Interactivity\Src\PlaySoundAction.cpp">
      <Filter>App\Interactivity\Src</Filter>
    </ClCompile>
    <ClCompile Include="..\..\..\Packages\App\Interactivity\Src\PropertyChangedTrigger.cpp">
      <Filter>App\Interactivity\Src</Filter>
    </ClCompile>
    <ClCompile Include="..\..\..\Packages\App\Interactivity\Src\RemoveElementAction.cpp">
      <Filter>App\Interactivity\Src</Filter>
    </ClCompile>
    <ClCompile Include="..\..\..\Packages\App\Interactivity\Src\SelectAction.cpp">
      <Filter>App\Interactivity\Src</Filter>
    </ClCompile>
    <ClCompile Include="..\..\..\Packages\App\Interactivity\Src\SelectAllAction.cpp">
      <Filter>App\Interactivity\Src</Filter>
    </ClCompile>
    <ClCompile Include="..\..\..\Packages\App\Interactivity\Src\SetFocusAction.cpp">
      <Filter>App\Interactivity\Src</Filter>
    </ClCompile>
    <ClCompile Include="..\..\..\Packages\App\Interactivity\Src\SortComparer.cpp">
      <Filter>App\Interactivity\Src</Filter>
    </ClCompile>
    <ClCompile Include="..\..\..\Packages\App\Interactivity\Src\StoryboardAction.cpp">
      <Filter>App\Interactivity\Src</Filter>
    </ClCompile>
    <ClCompile Include="..\..\..\Packages\App\Interactivity\Src\StoryboardCompletedTrigger.cpp">
      <Filter>App\Interactivity\Src</Filter>
    </ClCompile>
    <ClCompile Include="..\..\..\Packages\App\Interactivity\Src\StoryboardTrigger.cpp">
      <Filter>App\Interactivity\Src</Filter>
    </ClCompile>
    <ClCompile Include="..\..\..\Packages\App\Interactivity\Src\StringFilterPredicate.cpp">
      <Filter>App\Interactivity\Src</Filter>
    </ClCompile>
    <ClCompile Include="..\..\..\Packages\App\Interactivity\Src\StringSortComparer.cpp">
      <Filter>App\Interactivity\Src</Filter>
    </ClCompile>
    <ClCompile Include="..\..\..\Packages\App\Interactivity\Src\StyleInteraction.cpp">
      <Filter>App\Interactivity\Src</Filter>
    </ClCompile>
    <ClCompile Include="..\..\..\Packages\App\Interactivity\Src\TargetedTriggerAction.cpp">
      <Filter>App\Interactivity\Src</Filter>
    </ClCompile>
    <ClCompile Include="..\..\..\Packages\App\Interactivity\Src\TimerTrigger.cpp">
      <Filter>App\Interactivity\Src</Filter>
    </ClCompile>
    <ClCompile Include="..\..\..\Packages\App\Interactivity\Src\TranslateZoomRotateBehavior.cpp">
      <Filter>App\Interactivity\Src</Filter>
    </ClCompile>
    <ClCompile Include="..\..\..\Packages\App\Interactivity\Src\TriggerAction.Interactivity.cpp">
      <Filter>App\Interactivity\Src</Filter>
    </ClCompile>
    <ClCompile Include="..\..\..\Packages\App\Interactivity\Src\TriggerActionCollection.cpp">
      <Filter>App\Interactivity\Src</Filter>
    </ClCompile>
    <ClCompile Include="..\..\..\Packages\App\Interactivity\Src\TriggerBase.Interactivity.cpp">
      <Filter>App\Interactivity\Src</Filter>
    </ClCompile>
    <ClCompile Include="..\..\..\Packages\App\Interactivity\Src\TriggerCollection.cpp">
      <Filter>App\Interactivity\Src</Filter>
    </ClCompile>
    <ClInclude Include="pch.h">
    </ClInclude>
    <ClCompile Include="pch.cpp">
    </ClCompile>
    <ClCompile Include="register.cpp">
    </ClCompile>
    <ClInclude Include="..\..\..\Packages\Render\RenderContext\Include\NsRender\Image.h">
      <Filter>Render\RenderContext\Include</Filter>
    </ClInclude>
    <ClInclude Include="..\..\..\Packages\Render\RenderContext\Include\NsRender\RenderContext.h">
      <Filter>Render\RenderContext\Include</Filter>
    </ClInclude>
    <ClInclude Include="..\..\..\Packages\Render\RenderContext\Include\NsRender\RenderContextApi.h">
      <Filter>Render\RenderContext\Include</Filter>
    </ClInclude>
    <ClCompile Include="..\..\..\Packages\Render\RenderContext\Src\Image.cpp">
      <Filter>Render\RenderContext\Src</Filter>
    </ClCompile>
    <ClCompile Include="..\..\..\Packages\Render\RenderContext\Src\Render.RenderContext.cpp">
      <Filter>Render\RenderContext\Src</Filter>
    </ClCompile>
    <ClCompile Include="..\..\..\Packages\Render\RenderContext\Src\RenderContext.cpp">
      <Filter>Render\RenderContext\Src</Filter>
    </ClCompile>
    <ClInclude Include="..\..\..\Packages\Render\GLRenderDevice\Include\NsRender\GLFactory.h">
      <Filter>Render\GLRenderDevice\Include</Filter>
    </ClInclude>
    <ClInclude Include="..\..\..\Packages\Render\GLRenderDevice\Include\NsRender\GLRenderDeviceApi.h">
      <Filter>Render\GLRenderDevice\Include</Filter>
    </ClInclude>
    <ClInclude Include="..\..\..\Packages\Render\GLRenderDevice\Src\glext.h">
      <Filter>Render\GLRenderDevice\Src</Filter>
    </ClInclude>
    <ClInclude Include="..\..\..\Packages\Render\GLRenderDevice\Src\GLHeaders.h">
      <Filter>Render\GLRenderDevice\Src</Filter>
    </ClInclude>
    <ClInclude Include="..\..\..\Packages\Render\GLRenderDevice\Src\GLImports.h">
      <Filter>Render\GLRenderDevice\Src</Filter>
    </ClInclude>
    <ClCompile Include="..\..\..\Packages\Render\GLRenderDevice\Src\GLRenderDevice.cpp">
      <Filter>Render\GLRenderDevice\Src</Filter>
    </ClCompile>
    <ClInclude Include="..\..\..\Packages\Render\GLRenderDevice\Src\GLRenderDevice.h">
      <Filter>Render\GLRenderDevice\Src</Filter>
    </ClInclude>
    <ClCompile Include="..\..\..\Packages\Render\GLRenderDevice\Src\Render.GLRenderDevice.cpp">
      <Filter>Render\GLRenderDevice\Src</Filter>
    </ClCompile>
    <ClInclude Include="..\..\..\Packages\Render\GLRenderDevice\Src\ShadersGL120.h">
      <Filter>Render\GLRenderDevice\Src</Filter>
    </ClInclude>
    <ClInclude Include="..\..\..\Packages\Render\GLRenderDevice\Src\ShadersGL140.h">
      <Filter>Render\GLRenderDevice\Src</Filter>
    </ClInclude>
    <ClInclude Include="..\..\..\Packages\Render\GLRenderDevice\Src\ShadersGLES2.h">
      <Filter>Render\GLRenderDevice\Src</Filter>
    </ClInclude>
    <ClInclude Include="..\..\..\Packages\Render\GLRenderDevice\Src\ShadersGLES3.h">
      <Filter>Render\GLRenderDevice\Src</Filter>
    </ClInclude>
    <ClInclude Include="..\..\..\Packages\Render\GLRenderContext\Src\glext.h">
      <Filter>Render\GLRenderContext\Src</Filter>
    </ClInclude>
    <ClInclude Include="..\..\..\Packages\Render\GLRenderContext\Src\GLHeaders.h">
      <Filter>Render\GLRenderContext\Src</Filter>
    </ClInclude>
    <ClInclude Include="..\..\..\Packages\Render\GLRenderContext\Src\GLRenderContext.h">
      <Filter>Render\GLRenderContext\Src</Filter>
    </ClInclude>
    <ClCompile Include="..\..\..\Packages\Render\GLRenderContext\Src\GLRenderContext.mm.cpp">
      <Filter>Render\GLRenderContext\Src</Filter>
    </ClCompile>
    <ClCompile Include="..\..\..\Packages\Render\GLRenderContext\Src\Render.GLRenderContext.cpp">
      <Filter>Render\GLRenderContext\Src</Filter>
    </ClCompile>
    <ClInclude Include="..\..\..\Packages\Render\GLRenderContext\Src\wglext.h">
      <Filter>Render\GLRenderContext\Src</Filter>
    </ClInclude>
    <ClInclude Include="..\..\..\Packages\Render\D3D11RenderDevice\Include\NsRender\D3D11Factory.h">
      <Filter>Render\D3D11RenderDevice\Include</Filter>
    </ClInclude>
    <ClInclude Include="..\..\..\Packages\Render\D3D11RenderDevice\Include\NsRender\D3D11RenderDeviceApi.h">
      <Filter>Render\D3D11RenderDevice\Include</Filter>
    </ClInclude>
    <ClCompile Include="..\..\..\Packages\Render\D3D11RenderDevice\Src\D3D11RenderDevice.cpp">
      <Filter>Render\D3D11RenderDevice\Src</Filter>
    </ClCompile>
    <ClInclude Include="..\..\..\Packages\Render\D3D11RenderDevice\Src\D3D11RenderDevice.h">
      <Filter>Render\D3D11RenderDevice\Src</Filter>
    </ClInclude>
    <ClCompile Include="..\..\..\Packages\Render\D3D11RenderDevice\Src\Render.D3D11RenderDevice.cpp">
      <Filter>Render\D3D11RenderDevice\Src</Filter>
    </ClCompile>
    <ClInclude Include="..\..\..\Packages\Render\D3D11RenderDevice\Src\Shaders.h">
      <Filter>Render\D3D11RenderDevice\Src</Filter>
    </ClInclude>
    <ClInclude Include="..\..\..\Packages\Render\D3D11RenderDevice\Src\Shaders.xbox.h">
      <Filter>Render\D3D11RenderDevice\Src</Filter>
    </ClInclude>
    <ClCompile Include="..\..\..\Packages\Render\D3D11RenderContext\Src\D3D11RenderContext.cpp">
      <Filter>Render\D3D11RenderContext\Src</Filter>
    </ClCompile>
    <ClInclude Include="..\..\..\Packages\Render\D3D11RenderContext\Src\D3D11RenderContext.h">
      <Filter>Render\D3D11RenderContext\Src</Filter>
    </ClInclude>
    <ClCompile Include="..\..\..\Packages\Render\D3D11RenderContext\Src\Render.D3D11RenderContext.cpp">
      <Filter>Render\D3D11RenderContext\Src</Filter>
    </ClCompile>
  </ItemGroup>
</Project>